<?xml version="1.0" encoding="utf-8"?>
<Project ToolsVersion="4.0" xmlns="http://schemas.microsoft.com/developer/msbuild/2003">
  <ItemGroup>
    <Filter Include="Source Files">
      <UniqueIdentifier>{4FC737F1-C7A5-4376-A066-2A32D752A2FF}</UniqueIdentifier>
      <Extensions>cpp;c;cc;cxx;c++;def;odl;idl;hpj;bat;asm;asmx</Extensions>
    </Filter>
    <Filter Include="Header Files">
      <UniqueIdentifier>{93995380-89BD-4b04-88EB-625FBE52EBFB}</UniqueIdentifier>
      <Extensions>h;hh;hpp;hxx;h++;hm;inl;inc;ipp;xsd</Extensions>
    </Filter>
    <Filter Include="Resource Files">
      <UniqueIdentifier>{67DA6AB6-F800-4c08-8B7A-83BB121AAD01}</UniqueIdentifier>
      <Extensions>rc;ico;cur;bmp;dlg;rc2;rct;bin;rgs;gif;jpg;jpeg;jpe;resx;tiff;tif;png;wav;mfcribbon-ms</Extensions>
    </Filter>
    <Filter Include="Header Files\Actor">
      <UniqueIdentifier>{dddc4e24-d9c7-4ffe-9a1c-9ea6b6e0a271}</UniqueIdentifier>
    </Filter>
    <Filter Include="Source Files\Actors">
      <UniqueIdentifier>{ef4949b8-d2ad-4e01-81c9-a8732fc25fe2}</UniqueIdentifier>
    </Filter>
  </ItemGroup>
  <ItemGroup>
    <ClInclude Include="scr\gamestate.h">
      <Filter>Header Files</Filter>
    </ClInclude>
    <ClInclude Include="scr\gametext.h">
      <Filter>Header Files</Filter>
    </ClInclude>
    <ClInclude Include="scr\globalfunctions.h">
      <Filter>Header Files</Filter>
    </ClInclude>
    <ClInclude Include="scr\humanReadableNames.h">
      <Filter>Header Files</Filter>
    </ClInclude>
    <ClInclude Include="scr\lobby.h">
      <Filter>Header Files</Filter>
    </ClInclude>
    <ClInclude Include="scr\main.h">
      <Filter>Header Files</Filter>
    </ClInclude>
    <ClInclude Include="scr\mainMenu.h">
      <Filter>Header Files</Filter>
    </ClInclude>
    <ClInclude Include="scr\objects.h">
      <Filter>Header Files</Filter>
    </ClInclude>
    <ClInclude Include="scr\objectTemplates.h">
      <Filter>Header Files</Filter>
    </ClInclude>
    <ClInclude Include="scr\orderCursor.h">
      <Filter>Header Files</Filter>
    </ClInclude>
    <ClInclude Include="scr\player.h">
      <Filter>Header Files</Filter>
    </ClInclude>
    <ClInclude Include="scr\projectile.h">
      <Filter>Header Files</Filter>
    </ClInclude>
    <ClInclude Include="scr\randomMapGenerator.h">
      <Filter>Header Files</Filter>
    </ClInclude>
    <ClInclude Include="scr\server.h">
      <Filter>Header Files</Filter>
    </ClInclude>
    <ClInclude Include="scr\simpleAI.h">
      <Filter>Header Files</Filter>
    </ClInclude>
    <ClInclude Include="scr\splashScreen.h">
      <Filter>Header Files</Filter>
    </ClInclude>
    <ClInclude Include="scr\templateBuildings.h">
      <Filter>Header Files</Filter>
    </ClInclude>
    <ClInclude Include="scr\tooltip.h">
      <Filter>Header Files</Filter>
    </ClInclude>
    <ClInclude Include="scr\actors.h">
      <Filter>Header Files</Filter>
    </ClInclude>
    <ClInclude Include="scr\actorTemplates.h">
      <Filter>Header Files</Filter>
    </ClInclude>
    <ClInclude Include="scr\buildings.h">
      <Filter>Header Files</Filter>
    </ClInclude>
    <ClInclude Include="scr\button.h">
      <Filter>Header Files</Filter>
    </ClInclude>
    <ClInclude Include="scr\collision.h">
      <Filter>Header Files</Filter>
    </ClInclude>
    <ClInclude Include="scr\commandSync.h">
      <Filter>Header Files</Filter>
    </ClInclude>
    <ClInclude Include="scr\connection.h">
      <Filter>Header Files</Filter>
    </ClInclude>
    <ClInclude Include="scr\connectionSetupScreen.h">
      <Filter>Header Files</Filter>
    </ClInclude>
    <ClInclude Include="scr\Actors\SubStateSearchNextTarget.h">
      <Filter>Header Files\Actor</Filter>
    </ClInclude>
    <ClInclude Include="scr\Actors\SubStateSettingGoalToFleeTo.h">
      <Filter>Header Files\Actor</Filter>
    </ClInclude>
    <ClInclude Include="scr\Actors\SubStateSettingMyDecompositionState.h">
      <Filter>Header Files\Actor</Filter>
    </ClInclude>
    <ClInclude Include="scr\Actors\SubStateWalkingToNextSquare.h">
      <Filter>Header Files\Actor</Filter>
    </ClInclude>
    <ClInclude Include="scr\Actors\Actor.h">
      <Filter>Header Files\Actor</Filter>
    </ClInclude>
    <ClInclude Include="scr\Actors\BaseStateBuilding.h">
      <Filter>Header Files\Actor</Filter>
    </ClInclude>
    <ClInclude Include="scr\Actors\BaseStateDead.h">
      <Filter>Header Files\Actor</Filter>
    </ClInclude>
    <ClInclude Include="scr\Actors\BaseStateFighting.h">
      <Filter>Header Files\Actor</Filter>
    </ClInclude>
    <ClInclude Include="scr\Actors\BaseStateGathering.h">
      <Filter>Header Files\Actor</Filter>
    </ClInclude>
    <ClInclude Include="scr\Actors\BaseStateIdle.h">
      <Filter>Header Files\Actor</Filter>
    </ClInclude>
    <ClInclude Include="scr\Actors\BaseStateWalkingAToB.h">
      <Filter>Header Files\Actor</Filter>
    </ClInclude>
    <ClInclude Include="scr\Actors\GroundStateAttacking.h">
      <Filter>Header Files\Actor</Filter>
    </ClInclude>
    <ClInclude Include="scr\Actors\GroundStateBuildingTheBuilding.h">
      <Filter>Header Files\Actor</Filter>
    </ClInclude>
    <ClInclude Include="scr\Actors\GroundStateDecomposing.h">
      <Filter>Header Files\Actor</Filter>
    </ClInclude>
    <ClInclude Include="scr\Actors\GroundStateFleeing.h">
      <Filter>Header Files\Actor</Filter>
    </ClInclude>
    <ClInclude Include="scr\Actors\GroundStateGatheringTheResource.h">
      <Filter>Header Files\Actor</Filter>
    </ClInclude>
    <ClInclude Include="scr\Actors\GroundStateReturningTheResource.h">
      <Filter>Header Files\Actor</Filter>
    </ClInclude>
    <ClInclude Include="scr\Actors\GroundStateWalking.h">
      <Filter>Header Files\Actor</Filter>
    </ClInclude>
    <ClInclude Include="scr\Actors\heirachicalStateMachineState.h">
      <Filter>Header Files\Actor</Filter>
    </ClInclude>
    <ClInclude Include="scr\Actors\StateBase.h">
      <Filter>Header Files\Actor</Filter>
    </ClInclude>
    <ClInclude Include="scr\Actors\StateNames.h">
      <Filter>Header Files\Actor</Filter>
    </ClInclude>
    <ClInclude Include="scr\Actors\SubStateCountingDownToDestroySelf.h">
      <Filter>Header Files\Actor</Filter>
    </ClInclude>
    <ClInclude Include="scr\Actors\SubStateMeleeAttacking.h">
      <Filter>Header Files\Actor</Filter>
    </ClInclude>
    <ClInclude Include="scr\Actors\SubStateRangedAttacking.h">
      <Filter>Header Files\Actor</Filter>
    </ClInclude>
    <ClInclude Include="scr\Actors\SubStateSearchingAlternativeBuildingSpot.h">
      <Filter>Header Files\Actor</Filter>
    </ClInclude>
    <ClInclude Include="scr\Actors\SubStateSearchingAlternativeBuildingToBuilt.h">
      <Filter>Header Files\Actor</Filter>
    </ClInclude>
    <ClInclude Include="scr\Actors\SubStateSearchingAPath.h">
      <Filter>Header Files\Actor</Filter>
    </ClInclude>
    <ClInclude Include="scr\Actors\SubStateSearchingDropOffPoint.h">
      <Filter>Header Files\Actor</Filter>
    </ClInclude>
    <ClInclude Include="scr\Actors\SubStateSearchingNextSimilairResource.h">
      <Filter>Header Files\Actor</Filter>
    </ClInclude>
    <ClInclude Include="scr\cells.h">
      <Filter>Header Files</Filter>
    </ClInclude>
    <ClInclude Include="scr\Actors\actorStructs.h">
      <Filter>Header Files\Actor</Filter>
    </ClInclude>
    <ClInclude Include="scr\Actors\ActorHelper.h">
      <Filter>Header Files\Actor</Filter>
    </ClInclude>
    <ClInclude Include="scr\Actors\StateCanceled.h">
      <Filter>Header Files\Actor</Filter>
    </ClInclude>
    <ClInclude Include="scr\Actors\StateCanceledWhileWalking.h">
      <Filter>Header Files\Actor</Filter>
    </ClInclude>
    <ClInclude Include="scr\Actors\SubStateWalkingToAction.h">
      <Filter>Header Files\Actor</Filter>
    </ClInclude>
    <ClInclude Include="scr\Actors\SubStateWalkingBackFromAction.h">
      <Filter>Header Files\Actor</Filter>
    </ClInclude>
    <ClInclude Include="scr\Actors\SubStateGatheringTheResource.h">
      <Filter>Header Files\Actor</Filter>
    </ClInclude>
    <ClInclude Include="scr\Actors\SubStateBuildingTheBuilding.h">
      <Filter>Header Files\Actor</Filter>
    </ClInclude>
    <ClInclude Include="scr\Actors\SubStateDroppingOffResource.h">
      <Filter>Header Files\Actor</Filter>
    </ClInclude>
    <ClInclude Include="scr\Actors\GroundStateFindAlternativeSource.h">
      <Filter>Header Files\Actor</Filter>
    </ClInclude>
  </ItemGroup>
  <ItemGroup>
    <ClCompile Include="scr\mainMenu.cpp">
      <Filter>Source Files</Filter>
    </ClCompile>
    <ClCompile Include="scr\objects.cpp">
      <Filter>Source Files</Filter>
    </ClCompile>
    <ClCompile Include="scr\objectTemplates.cpp">
      <Filter>Source Files</Filter>
    </ClCompile>
    <ClCompile Include="scr\orderCursor.cpp">
      <Filter>Source Files</Filter>
    </ClCompile>
    <ClCompile Include="scr\player.cpp">
      <Filter>Source Files</Filter>
    </ClCompile>
    <ClCompile Include="scr\projectile.cpp">
      <Filter>Source Files</Filter>
    </ClCompile>
    <ClCompile Include="scr\randomMapGenerator.cpp">
      <Filter>Source Files</Filter>
    </ClCompile>
    <ClCompile Include="scr\server.cpp">
      <Filter>Source Files</Filter>
    </ClCompile>
    <ClCompile Include="scr\simpleAI.cpp">
      <Filter>Source Files</Filter>
    </ClCompile>
    <ClCompile Include="scr\splashScreen.cpp">
      <Filter>Source Files</Filter>
    </ClCompile>
    <ClCompile Include="scr\templateBuildings.cpp">
      <Filter>Source Files</Filter>
    </ClCompile>
    <ClCompile Include="scr\tooltip.cpp">
      <Filter>Source Files</Filter>
    </ClCompile>
    <ClCompile Include="scr\actors.cpp">
      <Filter>Source Files</Filter>
    </ClCompile>
    <ClCompile Include="scr\actorTemplates.cpp">
      <Filter>Source Files</Filter>
    </ClCompile>
    <ClCompile Include="scr\buildings.cpp">
      <Filter>Source Files</Filter>
    </ClCompile>
    <ClCompile Include="scr\button.cpp">
      <Filter>Source Files</Filter>
    </ClCompile>
    <ClCompile Include="scr\collision.cpp">
      <Filter>Source Files</Filter>
    </ClCompile>
    <ClCompile Include="scr\commandSync.cpp">
      <Filter>Source Files</Filter>
    </ClCompile>
    <ClCompile Include="scr\connection.cpp">
      <Filter>Source Files</Filter>
    </ClCompile>
    <ClCompile Include="scr\connectionSetupScreen.cpp">
      <Filter>Source Files</Filter>
    </ClCompile>
    <ClCompile Include="scr\gamestate.cpp">
      <Filter>Source Files</Filter>
    </ClCompile>
    <ClCompile Include="scr\gametext.cpp">
      <Filter>Source Files</Filter>
    </ClCompile>
    <ClCompile Include="scr\globalfunctions.cpp">
      <Filter>Source Files</Filter>
    </ClCompile>
    <ClCompile Include="scr\lobby.cpp">
      <Filter>Source Files</Filter>
    </ClCompile>
    <ClCompile Include="scr\main.cpp">
      <Filter>Source Files</Filter>
    </ClCompile>
    <ClCompile Include="scr\Actors\SubStateMeleeAttacking.cpp">
      <Filter>Source Files\Actors</Filter>
    </ClCompile>
    <ClCompile Include="scr\Actors\SubStateRangedAttacking.cpp">
      <Filter>Source Files\Actors</Filter>
    </ClCompile>
    <ClCompile Include="scr\Actors\SubStateSearchingAlternativeBuildingSpot.cpp">
      <Filter>Source Files\Actors</Filter>
    </ClCompile>
    <ClCompile Include="scr\Actors\SubStateSearchingAlternativeBuildingToBuilt.cpp">
      <Filter>Source Files\Actors</Filter>
    </ClCompile>
    <ClCompile Include="scr\Actors\SubStateSearchingAPath.cpp">
      <Filter>Source Files\Actors</Filter>
    </ClCompile>
    <ClCompile Include="scr\Actors\SubStateSearchingDropOffPoint.cpp">
      <Filter>Source Files\Actors</Filter>
    </ClCompile>
    <ClCompile Include="scr\Actors\SubStateSearchingNextSimilairResource.cpp">
      <Filter>Source Files\Actors</Filter>
    </ClCompile>
    <ClCompile Include="scr\Actors\SubStateSearchNextTarget.cpp">
      <Filter>Source Files\Actors</Filter>
    </ClCompile>
    <ClCompile Include="scr\Actors\SubStateSettingGoalToFleeTo.cpp">
      <Filter>Source Files\Actors</Filter>
    </ClCompile>
    <ClCompile Include="scr\Actors\SubStateSettingMyDecompositionState.cpp">
      <Filter>Source Files\Actors</Filter>
    </ClCompile>
    <ClCompile Include="scr\Actors\SubStateWalkingToNextSquare.cpp">
      <Filter>Source Files\Actors</Filter>
    </ClCompile>
    <ClCompile Include="scr\Actors\Actor.cpp">
      <Filter>Source Files\Actors</Filter>
    </ClCompile>
    <ClCompile Include="scr\Actors\BaseStateBuilding.cpp">
      <Filter>Source Files\Actors</Filter>
    </ClCompile>
    <ClCompile Include="scr\Actors\BaseStateDead.cpp">
      <Filter>Source Files\Actors</Filter>
    </ClCompile>
    <ClCompile Include="scr\Actors\BaseStateFighting.cpp">
      <Filter>Source Files\Actors</Filter>
    </ClCompile>
    <ClCompile Include="scr\Actors\BaseStateGathering.cpp">
      <Filter>Source Files\Actors</Filter>
    </ClCompile>
    <ClCompile Include="scr\Actors\BaseStateIdle.cpp">
      <Filter>Source Files\Actors</Filter>
    </ClCompile>
    <ClCompile Include="scr\Actors\BaseStateWalkingAToB.cpp">
      <Filter>Source Files\Actors</Filter>
    </ClCompile>
    <ClCompile Include="scr\Actors\GroundStateAttacking.cpp">
      <Filter>Source Files\Actors</Filter>
    </ClCompile>
    <ClCompile Include="scr\Actors\GroundStateBuildingTheBuilding.cpp">
      <Filter>Source Files\Actors</Filter>
    </ClCompile>
    <ClCompile Include="scr\Actors\GroundStateDecomposing.cpp">
      <Filter>Source Files\Actors</Filter>
    </ClCompile>
    <ClCompile Include="scr\Actors\GroundStateFleeing.cpp">
      <Filter>Source Files\Actors</Filter>
    </ClCompile>
    <ClCompile Include="scr\Actors\GroundStateGatheringTheResource.cpp">
      <Filter>Source Files\Actors</Filter>
    </ClCompile>
    <ClCompile Include="scr\Actors\GroundStateReturningTheResource.cpp">
      <Filter>Source Files\Actors</Filter>
    </ClCompile>
    <ClCompile Include="scr\Actors\GroundStateWalking.cpp">
      <Filter>Source Files\Actors</Filter>
    </ClCompile>
    <ClCompile Include="scr\Actors\StateBase.cpp">
      <Filter>Source Files\Actors</Filter>
    </ClCompile>
    <ClCompile Include="scr\Actors\SubStateCountingDownToDestroySelf.cpp">
      <Filter>Source Files\Actors</Filter>
    </ClCompile>
    <ClCompile Include="scr\cells.cpp">
      <Filter>Source Files</Filter>
    </ClCompile>
    <ClCompile Include="scr\Actors\ActorHelper.cpp">
      <Filter>Source Files\Actors</Filter>
    </ClCompile>
    <ClCompile Include="scr\Actors\StateCanceledWhileWalking.cpp">
      <Filter>Source Files\Actors</Filter>
    </ClCompile>
    <ClCompile Include="scr\Actors\StateCanceled.cpp">
      <Filter>Source Files\Actors</Filter>
    </ClCompile>
    <ClCompile Include="scr\Actors\SubStateWalkingBackFromAction.cpp">
      <Filter>Source Files\Actors</Filter>
    </ClCompile>
    <ClCompile Include="scr\Actors\SubStateWalkingToAction.cpp">
      <Filter>Source Files\Actors</Filter>
    </ClCompile>
    <ClCompile Include="scr\Actors\SubStateGatheringTheResource.cpp">
      <Filter>Source Files\Actors</Filter>
    </ClCompile>
    <ClCompile Include="scr\Actors\SubStateBuildingTheBuilding.cpp">
      <Filter>Source Files\Actors</Filter>
    </ClCompile>
    <ClCompile Include="scr\Actors\SubStateDroppingOffResource.cpp">
      <Filter>Source Files\Actors</Filter>
    </ClCompile>
    <ClCompile Include="scr\Actors\GroundStateFindAlternativeSource.cpp">
      <Filter>Source Files\Actors</Filter>
    </ClCompile>
  </ItemGroup>
</Project>