<?xml version="1.0" encoding="utf-8"?>
<Project ToolsVersion="4.0" xmlns="http://schemas.microsoft.com/developer/msbuild/2003">
  <ItemGroup>
    <Filter Include="Source Files">
      <UniqueIdentifier>{4FC737F1-C7A5-4376-A066-2A32D752A2FF}</UniqueIdentifier>
      <Extensions>cpp;c;cc;cxx;c++;def;odl;idl;hpj;bat;asm;asmx</Extensions>
    </Filter>
    <Filter Include="Header Files">
      <UniqueIdentifier>{93995380-89BD-4b04-88EB-625FBE52EBFB}</UniqueIdentifier>
      <Extensions>h;hh;hpp;hxx;h++;hm;inl;inc;ipp;xsd</Extensions>
    </Filter>
    <Filter Include="Resource Files">
      <UniqueIdentifier>{67DA6AB6-F800-4c08-8B7A-83BB121AAD01}</UniqueIdentifier>
      <Extensions>rc;ico;cur;bmp;dlg;rc2;rct;bin;rgs;gif;jpg;jpeg;jpe;resx;tiff;tif;png;wav;mfcribbon-ms</Extensions>
    </Filter>
  </ItemGroup>
  <ItemGroup>
    <ClInclude Include="gametext.h">
      <Filter>Header Files</Filter>
    </ClInclude>
    <ClInclude Include="globalfunctions.h">
      <Filter>Header Files</Filter>
    </ClInclude>
    <ClInclude Include="main.h">
      <Filter>Header Files</Filter>
    </ClInclude>
    <ClInclude Include="objects.h">
      <Filter>Header Files</Filter>
    </ClInclude>
    <ClInclude Include="player.h">
      <Filter>Header Files</Filter>
    </ClInclude>
    <ClInclude Include="tooltip.h">
      <Filter>Header Files</Filter>
    </ClInclude>
    <ClInclude Include="actors.h">
      <Filter>Header Files</Filter>
    </ClInclude>
    <ClInclude Include="buildings.h">
      <Filter>Header Files</Filter>
    </ClInclude>
    <ClInclude Include="button.h">
      <Filter>Header Files</Filter>
    </ClInclude>
    <ClInclude Include="gamestate.h">
      <Filter>Header Files</Filter>
    </ClInclude>
    <ClInclude Include="randomMapGenerator.h">
      <Filter>Header Files</Filter>
    </ClInclude>
    <ClInclude Include="projectile.h">
      <Filter>Header Files</Filter>
    </ClInclude>
    <ClInclude Include="orderCursor.h">
      <Filter>Header Files</Filter>
    </ClInclude>
    <ClInclude Include="simpleAI.h">
      <Filter>Header Files</Filter>
    </ClInclude>
    <ClInclude Include="humanReadableNames.h">
      <Filter>Header Files</Filter>
    </ClInclude>
    <ClInclude Include="templateBuildings.h">
      <Filter>Header Files</Filter>
    </ClInclude>
    <ClInclude Include="actorTemplates.h">
      <Filter>Header Files</Filter>
    </ClInclude>
    <ClInclude Include="objectTemplates.h">
      <Filter>Header Files</Filter>
    </ClInclude>
    <ClInclude Include="collision.h">
      <Filter>Header Files</Filter>
    </ClInclude>
    <ClInclude Include="splashScreen.h">
      <Filter>Header Files</Filter>
    </ClInclude>
  </ItemGroup>
  <ItemGroup>
    <ClCompile Include="main.cpp">
      <Filter>Source Files</Filter>
    </ClCompile>
    <ClCompile Include="objects.cpp">
      <Filter>Source Files</Filter>
    </ClCompile>
    <ClCompile Include="player.cpp">
      <Filter>Source Files</Filter>
    </ClCompile>
    <ClCompile Include="tooltip.cpp">
      <Filter>Source Files</Filter>
    </ClCompile>
    <ClCompile Include="actors.cpp">
      <Filter>Source Files</Filter>
    </ClCompile>
    <ClCompile Include="buildings.cpp">
      <Filter>Source Files</Filter>
    </ClCompile>
    <ClCompile Include="button.cpp">
      <Filter>Source Files</Filter>
    </ClCompile>
    <ClCompile Include="gamestate.cpp">
      <Filter>Source Files</Filter>
    </ClCompile>
    <ClCompile Include="gametext.cpp">
      <Filter>Source Files</Filter>
    </ClCompile>
    <ClCompile Include="globalfunctions.cpp">
      <Filter>Source Files</Filter>
    </ClCompile>
    <ClCompile Include="randomMapGenerator.cpp">
      <Filter>Source Files</Filter>
    </ClCompile>
    <ClCompile Include="projectile.cpp">
      <Filter>Source Files</Filter>
    </ClCompile>
    <ClCompile Include="orderCursor.cpp">
      <Filter>Source Files</Filter>
    </ClCompile>
    <ClCompile Include="simpleAI.cpp">
      <Filter>Source Files</Filter>
    </ClCompile>
    <ClCompile Include="templateBuildings.cpp">
      <Filter>Source Files</Filter>
    </ClCompile>
    <ClCompile Include="actorTemplates.cpp">
      <Filter>Source Files</Filter>
    </ClCompile>
    <ClCompile Include="objectTemplates.cpp">
      <Filter>Source Files</Filter>
    </ClCompile>
    <ClCompile Include="collision.cpp">
      <Filter>Source Files</Filter>
    </ClCompile>
    <ClCompile Include="splashScreen.cpp">
      <Filter>Source Files</Filter>
    </ClCompile>
  </ItemGroup>
</Project>